version = 1
requires-python = ">=3.11"

[[package]]
name = "anomalyguard"
version = "1.0.0"
source = { editable = "." }

[[package]]
name = "fastapi"
version = "0.109.0"
source = { registry = "https://pypi.org/simple" }

[[package]]
name = "uvicorn"
version = "0.27.0"
source = { registry = "https://pypi.org/simple" }
dependencies = [
    { name = "h11" },
    { name = "typing-extensions" },
]

[[package]]
name = "pydantic"
version = "2.5.3"
source = { registry = "https://pypi.org/simple" }
dependencies = [
    { name = "pydantic-core" },
    { name = "typing-extensions" },
]

[[package]]
name = "pydantic-settings"
version = "2.1.0"
source = { registry = "https://pypi.org/simple" }
dependencies = [
    { name = "pydantic" },
]

[[package]]
name = "openenv-core"
version = "0.1.0"
source = { registry = "https://pypi.org/simple" }

[[package]]
name = "openai"
version = "1.10.0"
source = { registry = "https://pypi.org/simple" }
dependencies = [
    { name = "httpx" },
    { name = "pydantic" }
]

[[package]]
name = "httpx"
version = "0.26.0"
source = { registry = "https://pypi.org/simple" }

[[package]]
name = "python-multipart"
version = "0.0.6"
source = { registry = "https://pypi.org/simple" }

[[package]]
name = "h11"
version = "0.14.0"
source = { registry = "https://pypi.org/simple" }

[[package]]
name = "typing-extensions"
version = "4.9.0"
source = { registry = "https://pypi.org/simple" }

[[package]]
name = "pydantic-core"
version = "2.14.6"
source = { registry = "https://pypi.org/simple" }
